
Microsoft Visual Studio Solution File, Format Version 12.00
# Visual Studio Version 17
VisualStudioVersion = 17.0.31903.59
MinimumVisualStudioVersion = 10.0.40219.1
Project("{2150E333-8FDC-42A3-9474-1A3956D46DE8}") = "src", "src", "{5270AF8A-1D37-494A-970C-56B3D3DFAF3B}"
EndProject
Project("{FAE04EC0-301F-11D3-BF4B-00C04F79EFBC}") = "NewsCacheSession.Api", "src\NewsCacheSession.Api\NewsCacheSession.Api.csproj", "{235EB627-1EBB-4541-A3FF-07311F0AE763}"
EndProject
Global
	GlobalSection(SolutionConfigurationPlatforms) = preSolution
		Debug|Any CPU = Debug|Any CPU
		Release|Any CPU = Release|Any CPU
	EndGlobalSection
	GlobalSection(SolutionProperties) = preSolution
		HideSolutionNode = FALSE
	EndGlobalSection
	GlobalSection(ProjectConfigurationPlatforms) = postSolution
		{235EB627-1EBB-4541-A3FF-07311F0AE763}.Debug|Any CPU.ActiveCfg = Debug|Any CPU
		{235EB627-1EBB-4541-A3FF-07311F0AE763}.Debug|Any CPU.Build.0 = Debug|Any CPU
		{235EB627-1EBB-4541-A3FF-07311F0AE763}.Release|Any CPU.ActiveCfg = Release|Any CPU
		{235EB627-1EBB-4541-A3FF-07311F0AE763}.Release|Any CPU.Build.0 = Release|Any CPU
	EndGlobalSection
	GlobalSection(NestedProjects) = preSolution
		{235EB627-1EBB-4541-A3FF-07311F0AE763} = {5270AF8A-1D37-494A-970C-56B3D3DFAF3B}
	EndGlobalSection
EndGlobal
