
Microsoft Visual Studio Solution File, Format Version 12.00
# Visual Studio Version 17
VisualStudioVersion = 17.0.31903.59
MinimumVisualStudioVersion = 10.0.40219.1
Project("{2150E333-8FDC-42A3-9474-1A3956D46DE8}") = "src", "src", "{5270AF8A-1D37-494A-970C-56B3D3DFAF3B}"
EndProject
Project("{FAE04EC0-301F-11D3-BF4B-00C04F79EFBC}") = "NewsCacheSession.Api", "src\NewsCacheSession.Api\NewsCacheSession.Api.csproj", "{235EB627-1EBB-4541-A3FF-07311F0AE763}"
EndProject
Project("{2150E333-8FDC-42A3-9474-1A3956D46DE8}") = "tests", "tests", "{0AB3BF05-4346-4AA6-1389-037BE0695223}"
EndProject
Project("{FAE04EC0-301F-11D3-BF4B-00C04F79EFBC}") = "NewsCacheSession.Tests", "tests\NewsCacheSession.Tests\NewsCacheSession.Tests.csproj", "{C5F35DA9-B335-4E5A-899B-D61D32A5F25C}"
EndProject
Global
	GlobalSection(SolutionConfigurationPlatforms) = preSolution
		Debug|Any CPU = Debug|Any CPU
		Debug|x64 = Debug|x64
		Debug|x86 = Debug|x86
		Release|Any CPU = Release|Any CPU
		Release|x64 = Release|x64
		Release|x86 = Release|x86
	EndGlobalSection
	GlobalSection(ProjectConfigurationPlatforms) = postSolution
		{235EB627-1EBB-4541-A3FF-07311F0AE763}.Debug|Any CPU.ActiveCfg = Debug|Any CPU
		{235EB627-1EBB-4541-A3FF-07311F0AE763}.Debug|Any CPU.Build.0 = Debug|Any CPU
		{235EB627-1EBB-4541-A3FF-07311F0AE763}.Debug|x64.ActiveCfg = Debug|Any CPU
		{235EB627-1EBB-4541-A3FF-07311F0AE763}.Debug|x64.Build.0 = Debug|Any CPU
		{235EB627-1EBB-4541-A3FF-07311F0AE763}.Debug|x86.ActiveCfg = Debug|Any CPU
		{235EB627-1EBB-4541-A3FF-07311F0AE763}.Debug|x86.Build.0 = Debug|Any CPU
		{235EB627-1EBB-4541-A3FF-07311F0AE763}.Release|Any CPU.ActiveCfg = Release|Any CPU
		{235EB627-1EBB-4541-A3FF-07311F0AE763}.Release|Any CPU.Build.0 = Release|Any CPU
		{235EB627-1EBB-4541-A3FF-07311F0AE763}.Release|x64.ActiveCfg = Release|Any CPU
		{235EB627-1EBB-4541-A3FF-07311F0AE763}.Release|x64.Build.0 = Release|Any CPU
		{235EB627-1EBB-4541-A3FF-07311F0AE763}.Release|x86.ActiveCfg = Release|Any CPU
		{235EB627-1EBB-4541-A3FF-07311F0AE763}.Release|x86.Build.0 = Release|Any CPU
		{C5F35DA9-B335-4E5A-899B-D61D32A5F25C}.Debug|Any CPU.ActiveCfg = Debug|Any CPU
		{C5F35DA9-B335-4E5A-899B-D61D32A5F25C}.Debug|Any CPU.Build.0 = Debug|Any CPU
		{C5F35DA9-B335-4E5A-899B-D61D32A5F25C}.Debug|x64.ActiveCfg = Debug|Any CPU
		{C5F35DA9-B335-4E5A-899B-D61D32A5F25C}.Debug|x64.Build.0 = Debug|Any CPU
		{C5F35DA9-B335-4E5A-899B-D61D32A5F25C}.Debug|x86.ActiveCfg = Debug|Any CPU
		{C5F35DA9-B335-4E5A-899B-D61D32A5F25C}.Debug|x86.Build.0 = Debug|Any CPU
		{C5F35DA9-B335-4E5A-899B-D61D32A5F25C}.Release|Any CPU.ActiveCfg = Release|Any CPU
		{C5F35DA9-B335-4E5A-899B-D61D32A5F25C}.Release|Any CPU.Build.0 = Release|Any CPU
		{C5F35DA9-B335-4E5A-899B-D61D32A5F25C}.Release|x64.ActiveCfg = Release|Any CPU
		{C5F35DA9-B335-4E5A-899B-D61D32A5F25C}.Release|x64.Build.0 = Release|Any CPU
		{C5F35DA9-B335-4E5A-899B-D61D32A5F25C}.Release|x86.ActiveCfg = Release|Any CPU
		{C5F35DA9-B335-4E5A-899B-D61D32A5F25C}.Release|x86.Build.0 = Release|Any CPU
	EndGlobalSection
	GlobalSection(SolutionProperties) = preSolution
		HideSolutionNode = FALSE
	EndGlobalSection
	GlobalSection(NestedProjects) = preSolution
		{235EB627-1EBB-4541-A3FF-07311F0AE763} = {5270AF8A-1D37-494A-970C-56B3D3DFAF3B}
		{C5F35DA9-B335-4E5A-899B-D61D32A5F25C} = {0AB3BF05-4346-4AA6-1389-037BE0695223}
	EndGlobalSection
EndGlobal
